{
  "originHash" : "499ade0bd93f79848e85adfa95aac4bb6fa642ecd5d3f9fd59694e19101cb9fa",
  "pins" : [
    {
      "identity" : "openai",
      "kind" : "remoteSourceControl",
      "location" : "https://github.com/MacPaw/OpenAI.git",
      "state" : {
        "revision" : "7eef412b26b0b2af6add548bb60f25f306b41ee2",
        "version" : "0.4.1"
      }
    }
  ],
  "version" : 3
}
