{
  "originHash" : "499ade0bd93f79848e85adfa95aac4bb6fa642ecd5d3f9fd59694e19101cb9fa",
  "pins" : [
    {
      "identity" : "openai",
      "kind" : "remoteSourceControl",
      "location" : "https://github.com/MacPaw/OpenAI.git",
      "state" : {
        "revision" : "40f3d6cdb5a2ad72369984a8e0e99a28c6e46f47",
        "version" : "0.4.2"
      }
    }
  ],
  "version" : 3
}
